
Microsoft Visual Studio Solution File, Format Version 12.00
# Visual Studio Version 17
VisualStudioVersion = 17.0.31903.59
MinimumVisualStudioVersion = 10.0.40219.1
Project("{FAE04EC0-301F-11D3-BF4B-00C04F79EFBC}") = "Notificator.Core", "Notificator.Core\Notificator.Core.csproj", "{BAF6C9F6-E515-4DAA-A2B7-973C9C3F248F}"
EndProject
Project("{FAE04EC0-301F-11D3-BF4B-00C04F79EFBC}") = "Notificator.Infrastructure", "Notificator.Infrastructure\Notificator.Infrastructure.csproj", "{C2DF8DD8-5E6C-4F4E-8333-61289EE4BAD3}"
EndProject
Project("{FAE04EC0-301F-11D3-BF4B-00C04F79EFBC}") = "Notificator.Tests", "Notificator.Tests\Notificator.Tests.csproj", "{F17117BA-F795-493E-A076-6EA28AE8C3E0}"
EndProject
Global
	GlobalSection(SolutionConfigurationPlatforms) = preSolution
		Debug|Any CPU = Debug|Any CPU
		Release|Any CPU = Release|Any CPU
	EndGlobalSection
	GlobalSection(SolutionProperties) = preSolution
		HideSolutionNode = FALSE
	EndGlobalSection
	GlobalSection(ProjectConfigurationPlatforms) = postSolution
		{BAF6C9F6-E515-4DAA-A2B7-973C9C3F248F}.Debug|Any CPU.ActiveCfg = Debug|Any CPU
		{BAF6C9F6-E515-4DAA-A2B7-973C9C3F248F}.Debug|Any CPU.Build.0 = Debug|Any CPU
		{BAF6C9F6-E515-4DAA-A2B7-973C9C3F248F}.Release|Any CPU.ActiveCfg = Release|Any CPU
		{BAF6C9F6-E515-4DAA-A2B7-973C9C3F248F}.Release|Any CPU.Build.0 = Release|Any CPU
		{C2DF8DD8-5E6C-4F4E-8333-61289EE4BAD3}.Debug|Any CPU.ActiveCfg = Debug|Any CPU
		{C2DF8DD8-5E6C-4F4E-8333-61289EE4BAD3}.Debug|Any CPU.Build.0 = Debug|Any CPU
		{C2DF8DD8-5E6C-4F4E-8333-61289EE4BAD3}.Release|Any CPU.ActiveCfg = Release|Any CPU
		{C2DF8DD8-5E6C-4F4E-8333-61289EE4BAD3}.Release|Any CPU.Build.0 = Release|Any CPU
		{F17117BA-F795-493E-A076-6EA28AE8C3E0}.Debug|Any CPU.ActiveCfg = Debug|Any CPU
		{F17117BA-F795-493E-A076-6EA28AE8C3E0}.Debug|Any CPU.Build.0 = Debug|Any CPU
		{F17117BA-F795-493E-A076-6EA28AE8C3E0}.Release|Any CPU.ActiveCfg = Release|Any CPU
		{F17117BA-F795-493E-A076-6EA28AE8C3E0}.Release|Any CPU.Build.0 = Release|Any CPU
	EndGlobalSection
EndGlobal
